
Microsoft Visual Studio Solution File, Format Version 12.00
# Visual Studio Version 17
VisualStudioVersion = 17.9.34701.34
MinimumVisualStudioVersion = 10.0.40219.1
Project("{FAE04EC0-301F-11D3-BF4B-00C04F79EFBC}") = "ag-grid", "ag-grid\ag-grid.csproj", "{8FFF1FDF-C2B0-4EC3-83D0-76BDEE06D1A9}"
EndProject
Global
	GlobalSection(SolutionConfigurationPlatforms) = preSolution
		Debug|Any CPU = Debug|Any CPU
		Release|Any CPU = Release|Any CPU
	EndGlobalSection
	GlobalSection(ProjectConfigurationPlatforms) = postSolution
		{8FFF1FDF-C2B0-4EC3-83D0-76BDEE06D1A9}.Debug|Any CPU.ActiveCfg = Debug|Any CPU
		{8FFF1FDF-C2B0-4EC3-83D0-76BDEE06D1A9}.Debug|Any CPU.Build.0 = Debug|Any CPU
		{8FFF1FDF-C2B0-4EC3-83D0-76BDEE06D1A9}.Release|Any CPU.ActiveCfg = Release|Any CPU
		{8FFF1FDF-C2B0-4EC3-83D0-76BDEE06D1A9}.Release|Any CPU.Build.0 = Release|Any CPU
	EndGlobalSection
	GlobalSection(SolutionProperties) = preSolution
		HideSolutionNode = FALSE
	EndGlobalSection
	GlobalSection(ExtensibilityGlobals) = postSolution
		SolutionGuid = {110F0CDC-45BC-4FEF-A737-D3315D37967F}
	EndGlobalSection
EndGlobal
